{
	"name": "commit-check",
	"version": "0.29.3",
	"lockfileVersion": 3,
	"requires": true,
	"packages": {
		"": {
			"name": "commit-check",
			"version": "0.29.3",
			"license": "ISC",
			"dependencies": {
				"@commitlint/cli": "^20.2.0",
				"@commitlint/config-conventional": "^20.2.0"
			},
			"devDependencies": {
				"husky": "9.1.7"
			}
		},
		"node_modules/@babel/code-frame": {
			"version": "7.27.1",
			"resolved": "https://registry.npmjs.org/@babel/code-frame/-/code-frame-7.27.1.tgz",
			"integrity": "sha512-cjQ7ZlQ0Mv3b47hABuTevyTuYN4i+loJKGeV9flcCgIK37cCXRh+L1bd3iBHlynerhQ7BhCkn2BPbQUL+rGqFg==",
			"license": "MIT",
			"dependencies": {
				"@babel/helper-validator-identifier": "^7.27.1",
				"js-tokens": "^4.0.0",
				"picocolors": "^1.1.1"
			},
			"engines": {
				"node": ">=6.9.0"
			}
		},
		"node_modules/@babel/helper-validator-identifier": {
			"version": "7.28.5",
			"resolved": "https://registry.npmjs.org/@babel/helper-validator-identifier/-/helper-validator-identifier-7.28.5.tgz",
			"integrity": "sha512-qSs4ifwzKJSV39ucNjsvc6WVHs6b7S03sOh2OcHF9UHfVPqWWALUsNUVzhSBiItjRZoLHx7nIarVjqKVusUZ1Q==",
			"license": "MIT",
			"engines": {
				"node": ">=6.9.0"
			}
		},
		"node_modules/@commitlint/cli": {
			"version": "20.4.2",
			"resolved": "https://registry.npmjs.org/@commitlint/cli/-/cli-20.4.2.tgz",
			"integrity": "sha512-YjYSX2yj/WsVoxh9mNiymfFS2ADbg2EK4+1WAsMuckwKMCqJ5PDG0CJU/8GvmHWcv4VRB2V02KqSiecRksWqZQ==",
			"license": "MIT",
			"dependencies": {
				"@commitlint/format": "^20.4.0",
				"@commitlint/lint": "^20.4.2",
				"@commitlint/load": "^20.4.0",
				"@commitlint/read": "^20.4.0",
				"@commitlint/types": "^20.4.0",
				"tinyexec": "^1.0.0",
				"yargs": "^17.0.0"
			},
			"bin": {
				"commitlint": "cli.js"
			},
			"engines": {
				"node": ">=v18"
			}
		},
		"node_modules/@commitlint/config-conventional": {
			"version": "20.4.2",
			"resolved": "https://registry.npmjs.org/@commitlint/config-conventional/-/config-conventional-20.4.2.tgz",
			"integrity": "sha512-rwkTF55q7Q+6dpSKUmJoScV0f3EpDlWKw2UPzklkLS4o5krMN1tPWAVOgHRtyUTMneIapLeQwaCjn44Td6OzBQ==",
			"license": "MIT",
			"dependencies": {
				"@commitlint/types": "^20.4.0",
				"conventional-changelog-conventionalcommits": "^9.1.0"
			},
			"engines": {
				"node": ">=v18"
			}
		},
		"node_modules/@commitlint/config-validator": {
			"version": "20.4.0",
			"resolved": "https://registry.npmjs.org/@commitlint/config-validator/-/config-validator-20.4.0.tgz",
			"integrity": "sha512-zShmKTF+sqyNOfAE0vKcqnpvVpG0YX8F9G/ZIQHI2CoKyK+PSdladXMSns400aZ5/QZs+0fN75B//3Q5CHw++w==",
			"license": "MIT",
			"dependencies": {
				"@commitlint/types": "^20.4.0",
				"ajv": "^8.11.0"
			},
			"engines": {
				"node": ">=v18"
			}
		},
		"node_modules/@commitlint/ensure": {
			"version": "20.4.1",
			"resolved": "https://registry.npmjs.org/@commitlint/ensure/-/ensure-20.4.1.tgz",
			"integrity": "sha512-WLQqaFx1pBooiVvBrA1YfJNFqZF8wS/YGOtr5RzApDbV9tQ52qT5VkTsY65hFTnXhW8PcDfZLaknfJTmPejmlw==",
			"license": "MIT",
			"dependencies": {
				"@commitlint/types": "^20.4.0",
				"lodash.camelcase": "^4.3.0",
				"lodash.kebabcase": "^4.1.1",
				"lodash.snakecase": "^4.1.1",
				"lodash.startcase": "^4.4.0",
				"lodash.upperfirst": "^4.3.1"
			},
			"engines": {
				"node": ">=v18"
			}
		},
		"node_modules/@commitlint/execute-rule": {
			"version": "20.0.0",
			"resolved": "https://registry.npmjs.org/@commitlint/execute-rule/-/execute-rule-20.0.0.tgz",
			"integrity": "sha512-xyCoOShoPuPL44gVa+5EdZsBVao/pNzpQhkzq3RdtlFdKZtjWcLlUFQHSWBuhk5utKYykeJPSz2i8ABHQA+ZZw==",
			"license": "MIT",
			"engines": {
				"node": ">=v18"
			}
		},
		"node_modules/@commitlint/format": {
			"version": "20.4.0",
			"resolved": "https://registry.npmjs.org/@commitlint/format/-/format-20.4.0.tgz",
			"integrity": "sha512-i3ki3WR0rgolFVX6r64poBHXM1t8qlFel1G1eCBvVgntE3fCJitmzSvH5JD/KVJN/snz6TfaX2CLdON7+s4WVQ==",
			"license": "MIT",
			"dependencies": {
				"@commitlint/types": "^20.4.0",
				"picocolors": "^1.1.1"
			},
			"engines": {
				"node": ">=v18"
			}
		},
		"node_modules/@commitlint/is-ignored": {
			"version": "20.4.1",
			"resolved": "https://registry.npmjs.org/@commitlint/is-ignored/-/is-ignored-20.4.1.tgz",
			"integrity": "sha512-In5EO4JR1lNsAv1oOBBO24V9ND1IqdAJDKZiEpdfjDl2HMasAcT7oA+5BKONv1pRoLG380DGPE2W2RIcUwdgLA==",
			"license": "MIT",
			"dependencies": {
				"@commitlint/types": "^20.4.0",
				"semver": "^7.6.0"
			},
			"engines": {
				"node": ">=v18"
			}
		},
		"node_modules/@commitlint/lint": {
			"version": "20.4.2",
			"resolved": "https://registry.npmjs.org/@commitlint/lint/-/lint-20.4.2.tgz",
			"integrity": "sha512-buquzNRtFng6xjXvBU1abY/WPEEjCgUipNQrNmIWe8QuJ6LWLtei/LDBAzEe5ASm45+Q9L2Xi3/GVvlj50GAug==",
			"license": "MIT",
			"dependencies": {
				"@commitlint/is-ignored": "^20.4.1",
				"@commitlint/parse": "^20.4.1",
				"@commitlint/rules": "^20.4.2",
				"@commitlint/types": "^20.4.0"
			},
			"engines": {
				"node": ">=v18"
			}
		},
		"node_modules/@commitlint/load": {
			"version": "20.4.0",
			"resolved": "https://registry.npmjs.org/@commitlint/load/-/load-20.4.0.tgz",
			"integrity": "sha512-Dauup/GfjwffBXRJUdlX/YRKfSVXsXZLnINXKz0VZkXdKDcaEILAi9oflHGbfydonJnJAbXEbF3nXPm9rm3G6A==",
			"license": "MIT",
			"dependencies": {
				"@commitlint/config-validator": "^20.4.0",
				"@commitlint/execute-rule": "^20.0.0",
				"@commitlint/resolve-extends": "^20.4.0",
				"@commitlint/types": "^20.4.0",
				"cosmiconfig": "^9.0.0",
				"cosmiconfig-typescript-loader": "^6.1.0",
				"is-plain-obj": "^4.1.0",
				"lodash.mergewith": "^4.6.2",
				"picocolors": "^1.1.1"
			},
			"engines": {
				"node": ">=v18"
			}
		},
		"node_modules/@commitlint/message": {
			"version": "20.4.0",
			"resolved": "https://registry.npmjs.org/@commitlint/message/-/message-20.4.0.tgz",
			"integrity": "sha512-B5lGtvHgiLAIsK5nLINzVW0bN5hXv+EW35sKhYHE8F7V9Uz1fR4tx3wt7mobA5UNhZKUNgB/+ldVMQE6IHZRyA==",
			"license": "MIT",
			"engines": {
				"node": ">=v18"
			}
		},
		"node_modules/@commitlint/parse": {
			"version": "20.4.1",
			"resolved": "https://registry.npmjs.org/@commitlint/parse/-/parse-20.4.1.tgz",
			"integrity": "sha512-XNtZjeRcFuAfUnhYrCY02+mpxwY4OmnvD3ETbVPs25xJFFz1nRo/25nHj+5eM+zTeRFvWFwD4GXWU2JEtoK1/w==",
			"license": "MIT",
			"dependencies": {
				"@commitlint/types": "^20.4.0",
				"conventional-changelog-angular": "^8.1.0",
				"conventional-commits-parser": "^6.2.1"
			},
			"engines": {
				"node": ">=v18"
			}
		},
		"node_modules/@commitlint/read": {
			"version": "20.4.0",
			"resolved": "https://registry.npmjs.org/@commitlint/read/-/read-20.4.0.tgz",
			"integrity": "sha512-QfpFn6/I240ySEGv7YWqho4vxqtPpx40FS7kZZDjUJ+eHxu3azfhy7fFb5XzfTqVNp1hNoI3tEmiEPbDB44+cg==",
			"license": "MIT",
			"dependencies": {
				"@commitlint/top-level": "^20.4.0",
				"@commitlint/types": "^20.4.0",
				"git-raw-commits": "^4.0.0",
				"minimist": "^1.2.8",
				"tinyexec": "^1.0.0"
			},
			"engines": {
				"node": ">=v18"
			}
		},
		"node_modules/@commitlint/resolve-extends": {
			"version": "20.4.0",
			"resolved": "https://registry.npmjs.org/@commitlint/resolve-extends/-/resolve-extends-20.4.0.tgz",
			"integrity": "sha512-ay1KM8q0t+/OnlpqXJ+7gEFQNlUtSU5Gxr8GEwnVf2TPN3+ywc5DzL3JCxmpucqxfHBTFwfRMXxPRRnR5Ki20g==",
			"license": "MIT",
			"dependencies": {
				"@commitlint/config-validator": "^20.4.0",
				"@commitlint/types": "^20.4.0",
				"global-directory": "^4.0.1",
				"import-meta-resolve": "^4.0.0",
				"lodash.mergewith": "^4.6.2",
				"resolve-from": "^5.0.0"
			},
			"engines": {
				"node": ">=v18"
			}
		},
		"node_modules/@commitlint/rules": {
			"version": "20.4.2",
			"resolved": "https://registry.npmjs.org/@commitlint/rules/-/rules-20.4.2.tgz",
			"integrity": "sha512-oz83pnp5Yq6uwwTAabuVQPNlPfeD2Y5ZjMb7Wx8FSUlu4sLYJjbBWt8031Z0osCFPfHzAwSYrjnfDFKtuSMdKg==",
			"license": "MIT",
			"dependencies": {
				"@commitlint/ensure": "^20.4.1",
				"@commitlint/message": "^20.4.0",
				"@commitlint/to-lines": "^20.0.0",
				"@commitlint/types": "^20.4.0"
			},
			"engines": {
				"node": ">=v18"
			}
		},
		"node_modules/@commitlint/to-lines": {
			"version": "20.0.0",
			"resolved": "https://registry.npmjs.org/@commitlint/to-lines/-/to-lines-20.0.0.tgz",
			"integrity": "sha512-2l9gmwiCRqZNWgV+pX1X7z4yP0b3ex/86UmUFgoRt672Ez6cAM2lOQeHFRUTuE6sPpi8XBCGnd8Kh3bMoyHwJw==",
			"license": "MIT",
			"engines": {
				"node": ">=v18"
			}
		},
		"node_modules/@commitlint/top-level": {
			"version": "20.4.0",
			"resolved": "https://registry.npmjs.org/@commitlint/top-level/-/top-level-20.4.0.tgz",
			"integrity": "sha512-NDzq8Q6jmFaIIBC/GG6n1OQEaHdmaAAYdrZRlMgW6glYWGZ+IeuXmiymDvQNXPc82mVxq2KiE3RVpcs+1OeDeA==",
			"license": "MIT",
			"dependencies": {
				"escalade": "^3.2.0"
			},
			"engines": {
				"node": ">=v18"
			}
		},
		"node_modules/@commitlint/types": {
			"version": "20.4.0",
			"resolved": "https://registry.npmjs.org/@commitlint/types/-/types-20.4.0.tgz",
			"integrity": "sha512-aO5l99BQJ0X34ft8b0h7QFkQlqxC6e7ZPVmBKz13xM9O8obDaM1Cld4sQlJDXXU/VFuUzQ30mVtHjVz74TuStw==",
			"license": "MIT",
			"dependencies": {
				"conventional-commits-parser": "^6.2.1",
				"picocolors": "^1.1.1"
			},
			"engines": {
				"node": ">=v18"
			}
		},
		"node_modules/@types/node": {
			"version": "24.10.1",
			"resolved": "https://registry.npmjs.org/@types/node/-/node-24.10.1.tgz",
			"integrity": "sha512-GNWcUTRBgIRJD5zj+Tq0fKOJ5XZajIiBroOF0yvj2bSU1WvNdYS/dn9UxwsujGW4JX06dnHyjV2y9rRaybH0iQ==",
			"license": "MIT",
			"peer": true,
			"dependencies": {
				"undici-types": "~7.16.0"
			}
		},
		"node_modules/ajv": {
			"version": "8.18.0",
			"resolved": "https://registry.npmjs.org/ajv/-/ajv-8.18.0.tgz",
			"integrity": "sha512-PlXPeEWMXMZ7sPYOHqmDyCJzcfNrUr3fGNKtezX14ykXOEIvyK81d+qydx89KY5O71FKMPaQ2vBfBFI5NHR63A==",
			"license": "MIT",
			"dependencies": {
				"fast-deep-equal": "^3.1.3",
				"fast-uri": "^3.0.1",
				"json-schema-traverse": "^1.0.0",
				"require-from-string": "^2.0.2"
			},
			"funding": {
				"type": "github",
				"url": "https://github.com/sponsors/epoberezkin"
			}
		},
		"node_modules/ansi-regex": {
			"version": "5.0.1",
			"resolved": "https://registry.npmjs.org/ansi-regex/-/ansi-regex-5.0.1.tgz",
			"integrity": "sha512-quJQXlTSUGL2LH9SUXo8VwsY4soanhgo6LNSm84E1LBcE8s3O0wpdiRzyR9z/ZZJMlMWv37qOOb9pdJlMUEKFQ==",
			"engines": {
				"node": ">=8"
			}
		},
		"node_modules/ansi-styles": {
			"version": "4.3.0",
			"resolved": "https://registry.npmjs.org/ansi-styles/-/ansi-styles-4.3.0.tgz",
			"integrity": "sha512-zbB9rCJAT1rbjiVDb2hqKFHNYLxgtk8NURxZ3IZwD3F6NtxbXZQCnnSi1Lkx+IDohdPlFp222wVALIheZJQSEg==",
			"dependencies": {
				"color-convert": "^2.0.1"
			},
			"engines": {
				"node": ">=8"
			},
			"funding": {
				"url": "https://github.com/chalk/ansi-styles?sponsor=1"
			}
		},
		"node_modules/argparse": {
			"version": "2.0.1",
			"resolved": "https://registry.npmjs.org/argparse/-/argparse-2.0.1.tgz",
			"integrity": "sha512-8+9WqebbFzpX9OR+Wa6O29asIogeRMzcGtAINdpMHHyAg10f05aSFVBbcEqGf/PXw1EjAZ+q2/bEBg3DvurK3Q==",
			"license": "Python-2.0"
		},
		"node_modules/array-ify": {
			"version": "1.0.0",
			"resolved": "https://registry.npmjs.org/array-ify/-/array-ify-1.0.0.tgz",
			"integrity": "sha1-nlKHYrSpBmrRY6aWKjZEGOlibs4="
		},
		"node_modules/callsites": {
			"version": "3.1.0",
			"resolved": "https://registry.npmjs.org/callsites/-/callsites-3.1.0.tgz",
			"integrity": "sha512-P8BjAsXvZS+VIDUI11hHCQEv74YT67YUi5JJFNWIqL235sBmjX4+qx9Muvls5ivyNENctx46xQLQ3aTuE7ssaQ==",
			"license": "MIT",
			"engines": {
				"node": ">=6"
			}
		},
		"node_modules/cliui": {
			"version": "7.0.4",
			"resolved": "https://registry.npmjs.org/cliui/-/cliui-7.0.4.tgz",
			"integrity": "sha512-OcRE68cOsVMXp1Yvonl/fzkQOyjLSu/8bhPDfQt0e0/Eb283TKP20Fs2MqoPsr9SwA595rRCA+QMzYc9nBP+JQ==",
			"dependencies": {
				"string-width": "^4.2.0",
				"strip-ansi": "^6.0.0",
				"wrap-ansi": "^7.0.0"
			}
		},
		"node_modules/color-convert": {
			"version": "2.0.1",
			"resolved": "https://registry.npmjs.org/color-convert/-/color-convert-2.0.1.tgz",
			"integrity": "sha512-RRECPsj7iu/xb5oKYcsFHSppFNnsj/52OVTRKb4zP5onXwVF3zVmmToNcOfGC+CRDpfK/U584fMg38ZHCaElKQ==",
			"dependencies": {
				"color-name": "~1.1.4"
			},
			"engines": {
				"node": ">=7.0.0"
			}
		},
		"node_modules/color-name": {
			"version": "1.1.4",
			"resolved": "https://registry.npmjs.org/color-name/-/color-name-1.1.4.tgz",
			"integrity": "sha512-dOy+3AuW3a2wNbZHIuMZpTcgjGuLU/uBL/ubcZF9OXbDo8ff4O8yVp5Bf0efS8uEoYo5q4Fx7dY9OgQGXgAsQA=="
		},
		"node_modules/compare-func": {
			"version": "2.0.0",
			"resolved": "https://registry.npmjs.org/compare-func/-/compare-func-2.0.0.tgz",
			"integrity": "sha512-zHig5N+tPWARooBnb0Zx1MFcdfpyJrfTJ3Y5L+IFvUm8rM74hHz66z0gw0x4tijh5CorKkKUCnW82R2vmpeCRA==",
			"dependencies": {
				"array-ify": "^1.0.0",
				"dot-prop": "^5.1.0"
			}
		},
		"node_modules/conventional-changelog-angular": {
			"version": "8.1.0",
			"resolved": "https://registry.npmjs.org/conventional-changelog-angular/-/conventional-changelog-angular-8.1.0.tgz",
			"integrity": "sha512-GGf2Nipn1RUCAktxuVauVr1e3r8QrLP/B0lEUsFktmGqc3ddbQkhoJZHJctVU829U1c6mTSWftrVOCHaL85Q3w==",
			"license": "ISC",
			"dependencies": {
				"compare-func": "^2.0.0"
			},
			"engines": {
				"node": ">=18"
			}
		},
		"node_modules/conventional-changelog-conventionalcommits": {
			"version": "9.1.0",
			"resolved": "https://registry.npmjs.org/conventional-changelog-conventionalcommits/-/conventional-changelog-conventionalcommits-9.1.0.tgz",
			"integrity": "sha512-MnbEysR8wWa8dAEvbj5xcBgJKQlX/m0lhS8DsyAAWDHdfs2faDJxTgzRYlRYpXSe7UiKrIIlB4TrBKU9q9DgkA==",
			"license": "ISC",
			"dependencies": {
				"compare-func": "^2.0.0"
			},
			"engines": {
				"node": ">=18"
			}
		},
		"node_modules/conventional-commits-parser": {
			"version": "6.2.1",
			"resolved": "https://registry.npmjs.org/conventional-commits-parser/-/conventional-commits-parser-6.2.1.tgz",
			"integrity": "sha512-20pyHgnO40rvfI0NGF/xiEoFMkXDtkF8FwHvk5BokoFoCuTQRI8vrNCNFWUOfuolKJMm1tPCHc8GgYEtr1XRNA==",
			"license": "MIT",
			"dependencies": {
				"meow": "^13.0.0"
			},
			"bin": {
				"conventional-commits-parser": "dist/cli/index.js"
			},
			"engines": {
				"node": ">=18"
			}
		},
		"node_modules/conventional-commits-parser/node_modules/meow": {
			"version": "13.2.0",
			"resolved": "https://registry.npmjs.org/meow/-/meow-13.2.0.tgz",
			"integrity": "sha512-pxQJQzB6djGPXh08dacEloMFopsOqGVRKFPYvPOt9XDZ1HasbgDZA74CJGreSU4G3Ak7EFJGoiH2auq+yXISgA==",
			"license": "MIT",
			"engines": {
				"node": ">=18"
			},
			"funding": {
				"url": "https://github.com/sponsors/sindresorhus"
			}
		},
		"node_modules/cosmiconfig": {
			"version": "9.0.0",
			"resolved": "https://registry.npmjs.org/cosmiconfig/-/cosmiconfig-9.0.0.tgz",
			"integrity": "sha512-itvL5h8RETACmOTFc4UfIyB2RfEHi71Ax6E/PivVxq9NseKbOWpeyHEOIbmAw1rs8Ak0VursQNww7lf7YtUwzg==",
			"license": "MIT",
			"dependencies": {
				"env-paths": "^2.2.1",
				"import-fresh": "^3.3.0",
				"js-yaml": "^4.1.0",
				"parse-json": "^5.2.0"
			},
			"engines": {
				"node": ">=14"
			},
			"funding": {
				"url": "https://github.com/sponsors/d-fischer"
			},
			"peerDependencies": {
				"typescript": ">=4.9.5"
			},
			"peerDependenciesMeta": {
				"typescript": {
					"optional": true
				}
			}
		},
		"node_modules/cosmiconfig-typescript-loader": {
			"version": "6.2.0",
			"resolved": "https://registry.npmjs.org/cosmiconfig-typescript-loader/-/cosmiconfig-typescript-loader-6.2.0.tgz",
			"integrity": "sha512-GEN39v7TgdxgIoNcdkRE3uiAzQt3UXLyHbRHD6YoL048XAeOomyxaP+Hh/+2C6C2wYjxJ2onhJcsQp+L4YEkVQ==",
			"license": "MIT",
			"dependencies": {
				"jiti": "^2.6.1"
			},
			"engines": {
				"node": ">=v18"
			},
			"peerDependencies": {
				"@types/node": "*",
				"cosmiconfig": ">=9",
				"typescript": ">=5"
			}
		},
		"node_modules/dargs": {
			"version": "8.1.0",
			"resolved": "https://registry.npmjs.org/dargs/-/dargs-8.1.0.tgz",
			"integrity": "sha512-wAV9QHOsNbwnWdNW2FYvE1P56wtgSbM+3SZcdGiWQILwVjACCXDCI3Ai8QlCjMDB8YK5zySiXZYBiwGmNY3lnw==",
			"license": "MIT",
			"engines": {
				"node": ">=12"
			},
			"funding": {
				"url": "https://github.com/sponsors/sindresorhus"
			}
		},
		"node_modules/dot-prop": {
			"version": "5.3.0",
			"resolved": "https://registry.npmjs.org/dot-prop/-/dot-prop-5.3.0.tgz",
			"integrity": "sha512-QM8q3zDe58hqUqjraQOmzZ1LIH9SWQJTlEKCH4kJ2oQvLZk7RbQXvtDM2XEq3fwkV9CCvvH4LA0AV+ogFsBM2Q==",
			"dependencies": {
				"is-obj": "^2.0.0"
			},
			"engines": {
				"node": ">=8"
			}
		},
		"node_modules/emoji-regex": {
			"version": "8.0.0",
			"resolved": "https://registry.npmjs.org/emoji-regex/-/emoji-regex-8.0.0.tgz",
			"integrity": "sha512-MSjYzcWNOA0ewAHpz0MxpYFvwg6yjy1NG3xteoqz644VCo/RPgnr1/GGt+ic3iJTzQ8Eu3TdM14SawnVUmGE6A=="
		},
		"node_modules/env-paths": {
			"version": "2.2.1",
			"resolved": "https://registry.npmjs.org/env-paths/-/env-paths-2.2.1.tgz",
			"integrity": "sha512-+h1lkLKhZMTYjog1VEpJNG7NZJWcuc2DDk/qsqSTRRCOXiLjeQ1d1/udrUGhqMxUgAlwKNZ0cf2uqan5GLuS2A==",
			"license": "MIT",
			"engines": {
				"node": ">=6"
			}
		},
		"node_modules/error-ex": {
			"version": "1.3.4",
			"resolved": "https://registry.npmjs.org/error-ex/-/error-ex-1.3.4.tgz",
			"integrity": "sha512-sqQamAnR14VgCr1A618A3sGrygcpK+HEbenA/HiEAkkUwcZIIB/tgWqHFxWgOyDh4nB4JCRimh79dR5Ywc9MDQ==",
			"license": "MIT",
			"dependencies": {
				"is-arrayish": "^0.2.1"
			}
		},
		"node_modules/escalade": {
			"version": "3.2.0",
			"resolved": "https://registry.npmjs.org/escalade/-/escalade-3.2.0.tgz",
			"integrity": "sha512-WUj2qlxaQtO4g6Pq5c29GTcWGDyd8itL8zTlipgECz3JesAiiOKotd8JU6otB3PACgG6xkJUyVhboMS+bje/jA==",
			"license": "MIT",
			"engines": {
				"node": ">=6"
			}
		},
		"node_modules/fast-deep-equal": {
			"version": "3.1.3",
			"resolved": "https://registry.npmjs.org/fast-deep-equal/-/fast-deep-equal-3.1.3.tgz",
			"integrity": "sha512-f3qQ9oQy9j2AhBe/H9VC91wLmKBCCU/gDOnKNAYG5hswO7BLKj09Hc5HYNz9cGI++xlpDCIgDaitVs03ATR84Q==",
			"license": "MIT"
		},
		"node_modules/fast-uri": {
			"version": "3.1.0",
			"resolved": "https://registry.npmjs.org/fast-uri/-/fast-uri-3.1.0.tgz",
			"integrity": "sha512-iPeeDKJSWf4IEOasVVrknXpaBV0IApz/gp7S2bb7Z4Lljbl2MGJRqInZiUrQwV16cpzw/D3S5j5Julj/gT52AA==",
			"funding": [
				{
					"type": "github",
					"url": "https://github.com/sponsors/fastify"
				},
				{
					"type": "opencollective",
					"url": "https://opencollective.com/fastify"
				}
			],
			"license": "BSD-3-Clause"
		},
		"node_modules/get-caller-file": {
			"version": "2.0.5",
			"resolved": "https://registry.npmjs.org/get-caller-file/-/get-caller-file-2.0.5.tgz",
			"integrity": "sha512-DyFP3BM/3YHTQOCUL/w0OZHR0lpKeGrxotcHWcqNEdnltqFwXVfhEBQ94eIo34AfQpo0rGki4cyIiftY06h2Fg==",
			"engines": {
				"node": "6.* || 8.* || >= 10.*"
			}
		},
		"node_modules/git-raw-commits": {
			"version": "4.0.0",
			"resolved": "https://registry.npmjs.org/git-raw-commits/-/git-raw-commits-4.0.0.tgz",
			"integrity": "sha512-ICsMM1Wk8xSGMowkOmPrzo2Fgmfo4bMHLNX6ytHjajRJUqvHOw/TFapQ+QG75c3X/tTDDhOSRPGC52dDbNM8FQ==",
			"license": "MIT",
			"dependencies": {
				"dargs": "^8.0.0",
				"meow": "^12.0.1",
				"split2": "^4.0.0"
			},
			"bin": {
				"git-raw-commits": "cli.mjs"
			},
			"engines": {
				"node": ">=16"
			}
		},
		"node_modules/global-directory": {
			"version": "4.0.1",
			"resolved": "https://registry.npmjs.org/global-directory/-/global-directory-4.0.1.tgz",
			"integrity": "sha512-wHTUcDUoZ1H5/0iVqEudYW4/kAlN5cZ3j/bXn0Dpbizl9iaUVeWSHqiOjsgk6OW2bkLclbBjzewBz6weQ1zA2Q==",
			"license": "MIT",
			"dependencies": {
				"ini": "4.1.1"
			},
			"engines": {
				"node": ">=18"
			},
			"funding": {
				"url": "https://github.com/sponsors/sindresorhus"
			}
		},
		"node_modules/husky": {
			"version": "9.1.7",
			"resolved": "https://registry.npmjs.org/husky/-/husky-9.1.7.tgz",
			"integrity": "sha512-5gs5ytaNjBrh5Ow3zrvdUUY+0VxIuWVL4i9irt6friV+BqdCfmV11CQTWMiBYWHbXhco+J1kHfTOUkePhCDvMA==",
			"dev": true,
			"license": "MIT",
			"bin": {
				"husky": "bin.js"
			},
			"engines": {
				"node": ">=18"
			},
			"funding": {
				"url": "https://github.com/sponsors/typicode"
			}
		},
		"node_modules/import-fresh": {
			"version": "3.3.1",
			"resolved": "https://registry.npmjs.org/import-fresh/-/import-fresh-3.3.1.tgz",
			"integrity": "sha512-TR3KfrTZTYLPB6jUjfx6MF9WcWrHL9su5TObK4ZkYgBdWKPOFoSoQIdEuTuR82pmtxH2spWG9h6etwfr1pLBqQ==",
			"license": "MIT",
			"dependencies": {
				"parent-module": "^1.0.0",
				"resolve-from": "^4.0.0"
			},
			"engines": {
				"node": ">=6"
			},
			"funding": {
				"url": "https://github.com/sponsors/sindresorhus"
			}
		},
		"node_modules/import-fresh/node_modules/resolve-from": {
			"version": "4.0.0",
			"resolved": "https://registry.npmjs.org/resolve-from/-/resolve-from-4.0.0.tgz",
			"integrity": "sha512-pb/MYmXstAkysRFx8piNI1tGFNQIFA3vkE3Gq4EuA1dF6gHp/+vgZqsCGJapvy8N3Q+4o7FwvquPJcnZ7RYy4g==",
			"license": "MIT",
			"engines": {
				"node": ">=4"
			}
		},
		"node_modules/import-meta-resolve": {
			"version": "4.2.0",
			"resolved": "https://registry.npmjs.org/import-meta-resolve/-/import-meta-resolve-4.2.0.tgz",
			"integrity": "sha512-Iqv2fzaTQN28s/FwZAoFq0ZSs/7hMAHJVX+w8PZl3cY19Pxk6jFFalxQoIfW2826i/fDLXv8IiEZRIT0lDuWcg==",
			"license": "MIT",
			"funding": {
				"type": "github",
				"url": "https://github.com/sponsors/wooorm"
			}
		},
		"node_modules/ini": {
			"version": "4.1.1",
			"resolved": "https://registry.npmjs.org/ini/-/ini-4.1.1.tgz",
			"integrity": "sha512-QQnnxNyfvmHFIsj7gkPcYymR8Jdw/o7mp5ZFihxn6h8Ci6fh3Dx4E1gPjpQEpIuPo9XVNY/ZUwh4BPMjGyL01g==",
			"license": "ISC",
			"engines": {
				"node": "^14.17.0 || ^16.13.0 || >=18.0.0"
			}
		},
		"node_modules/is-arrayish": {
			"version": "0.2.1",
			"resolved": "https://registry.npmjs.org/is-arrayish/-/is-arrayish-0.2.1.tgz",
			"integrity": "sha512-zz06S8t0ozoDXMG+ube26zeCTNXcKIPJZJi8hBrF4idCLms4CG9QtK7qBl1boi5ODzFpjswb5JPmHCbMpjaYzg==",
			"license": "MIT"
		},
		"node_modules/is-fullwidth-code-point": {
			"version": "3.0.0",
			"resolved": "https://registry.npmjs.org/is-fullwidth-code-point/-/is-fullwidth-code-point-3.0.0.tgz",
			"integrity": "sha512-zymm5+u+sCsSWyD9qNaejV3DFvhCKclKdizYaJUuHA83RLjb7nSuGnddCHGv0hk+KY7BMAlsWeK4Ueg6EV6XQg==",
			"engines": {
				"node": ">=8"
			}
		},
		"node_modules/is-obj": {
			"version": "2.0.0",
			"resolved": "https://registry.npmjs.org/is-obj/-/is-obj-2.0.0.tgz",
			"integrity": "sha512-drqDG3cbczxxEJRoOXcOjtdp1J/lyp1mNn0xaznRs8+muBhgQcrnbspox5X5fOw0HnMnbfDzvnEMEtqDEJEo8w==",
			"engines": {
				"node": ">=8"
			}
		},
		"node_modules/is-plain-obj": {
			"version": "4.1.0",
			"resolved": "https://registry.npmjs.org/is-plain-obj/-/is-plain-obj-4.1.0.tgz",
			"integrity": "sha512-+Pgi+vMuUNkJyExiMBt5IlFoMyKnr5zhJ4Uspz58WOhBF5QoIZkFyNHIbBAtHwzVAgk5RtndVNsDRN61/mmDqg==",
			"license": "MIT",
			"engines": {
				"node": ">=12"
			},
			"funding": {
				"url": "https://github.com/sponsors/sindresorhus"
			}
		},
		"node_modules/jiti": {
			"version": "2.6.1",
			"resolved": "https://registry.npmjs.org/jiti/-/jiti-2.6.1.tgz",
			"integrity": "sha512-ekilCSN1jwRvIbgeg/57YFh8qQDNbwDb9xT/qu2DAHbFFZUicIl4ygVaAvzveMhMVr3LnpSKTNnwt8PoOfmKhQ==",
			"license": "MIT",
			"bin": {
				"jiti": "lib/jiti-cli.mjs"
			}
		},
		"node_modules/js-tokens": {
			"version": "4.0.0",
			"resolved": "https://registry.npmjs.org/js-tokens/-/js-tokens-4.0.0.tgz",
			"integrity": "sha512-RdJUflcE3cUzKiMqQgsCu06FPu9UdIJO0beYbPhHN4k6apgJtifcoCtT9bcxOpYBtpD2kCM6Sbzg4CausW/PKQ==",
			"license": "MIT"
		},
		"node_modules/js-yaml": {
			"version": "4.1.1",
			"resolved": "https://registry.npmjs.org/js-yaml/-/js-yaml-4.1.1.tgz",
			"integrity": "sha512-qQKT4zQxXl8lLwBtHMWwaTcGfFOZviOJet3Oy/xmGk2gZH677CJM9EvtfdSkgWcATZhj/55JZ0rmy3myCT5lsA==",
			"license": "MIT",
			"dependencies": {
				"argparse": "^2.0.1"
			},
			"bin": {
				"js-yaml": "bin/js-yaml.js"
			}
		},
		"node_modules/json-parse-even-better-errors": {
			"version": "2.3.1",
			"resolved": "https://registry.npmjs.org/json-parse-even-better-errors/-/json-parse-even-better-errors-2.3.1.tgz",
			"integrity": "sha512-xyFwyhro/JEof6Ghe2iz2NcXoj2sloNsWr/XsERDK/oiPCfaNhl5ONfp+jQdAZRQQ0IJWNzH9zIZF7li91kh2w==",
			"license": "MIT"
		},
		"node_modules/json-schema-traverse": {
			"version": "1.0.0",
			"resolved": "https://registry.npmjs.org/json-schema-traverse/-/json-schema-traverse-1.0.0.tgz",
			"integrity": "sha512-NM8/P9n3XjXhIZn1lLhkFaACTOURQXjWhV4BA/RnOv8xvgqtqpAX9IO4mRQxSx1Rlo4tqzeqb0sOlruaOy3dug==",
			"license": "MIT"
		},
		"node_modules/lines-and-columns": {
			"version": "1.2.4",
			"resolved": "https://registry.npmjs.org/lines-and-columns/-/lines-and-columns-1.2.4.tgz",
			"integrity": "sha512-7ylylesZQ/PV29jhEDl3Ufjo6ZX7gCqJr5F7PKrqc93v7fzSymt1BpwEU8nAUXs8qzzvqhbjhK5QZg6Mt/HkBg==",
			"license": "MIT"
		},
		"node_modules/lodash.camelcase": {
			"version": "4.3.0",
			"resolved": "https://registry.npmjs.org/lodash.camelcase/-/lodash.camelcase-4.3.0.tgz",
			"integrity": "sha512-TwuEnCnxbc3rAvhf/LbG7tJUDzhqXyFnv3dtzLOPgCG/hODL7WFnsbwktkD7yUV0RrreP/l1PALq/YSg6VvjlA==",
			"license": "MIT"
		},
		"node_modules/lodash.kebabcase": {
			"version": "4.1.1",
			"resolved": "https://registry.npmjs.org/lodash.kebabcase/-/lodash.kebabcase-4.1.1.tgz",
			"integrity": "sha512-N8XRTIMMqqDgSy4VLKPnJ/+hpGZN+PHQiJnSenYqPaVV/NCqEogTnAdZLQiGKhxX+JCs8waWq2t1XHWKOmlY8g==",
			"license": "MIT"
		},
		"node_modules/lodash.mergewith": {
			"version": "4.6.2",
			"resolved": "https://registry.npmjs.org/lodash.mergewith/-/lodash.mergewith-4.6.2.tgz",
			"integrity": "sha512-GK3g5RPZWTRSeLSpgP8Xhra+pnjBC56q9FZYe1d5RN3TJ35dbkGy3YqBSMbyCrlbi+CM9Z3Jk5yTL7RCsqboyQ==",
			"license": "MIT"
		},
		"node_modules/lodash.snakecase": {
			"version": "4.1.1",
			"resolved": "https://registry.npmjs.org/lodash.snakecase/-/lodash.snakecase-4.1.1.tgz",
			"integrity": "sha512-QZ1d4xoBHYUeuouhEq3lk3Uq7ldgyFXGBhg04+oRLnIz8o9T65Eh+8YdroUwn846zchkA9yDsDl5CVVaV2nqYw==",
			"license": "MIT"
		},
		"node_modules/lodash.startcase": {
			"version": "4.4.0",
			"resolved": "https://registry.npmjs.org/lodash.startcase/-/lodash.startcase-4.4.0.tgz",
			"integrity": "sha512-+WKqsK294HMSc2jEbNgpHpd0JfIBhp7rEV4aqXWqFr6AlXov+SlcgB1Fv01y2kGe3Gc8nMW7VA0SrGuSkRfIEg==",
			"license": "MIT"
		},
		"node_modules/lodash.upperfirst": {
			"version": "4.3.1",
			"resolved": "https://registry.npmjs.org/lodash.upperfirst/-/lodash.upperfirst-4.3.1.tgz",
			"integrity": "sha512-sReKOYJIJf74dhJONhU4e0/shzi1trVbSWDOhKYE5XV2O+H7Sb2Dihwuc7xWxVl+DgFPyTqIN3zMfT9cq5iWDg==",
			"license": "MIT"
		},
		"node_modules/meow": {
			"version": "12.1.1",
			"resolved": "https://registry.npmjs.org/meow/-/meow-12.1.1.tgz",
			"integrity": "sha512-BhXM0Au22RwUneMPwSCnyhTOizdWoIEPU9sp0Aqa1PnDMR5Wv2FGXYDjuzJEIX+Eo2Rb8xuYe5jrnm5QowQFkw==",
			"license": "MIT",
			"engines": {
				"node": ">=16.10"
			},
			"funding": {
				"url": "https://github.com/sponsors/sindresorhus"
			}
		},
		"node_modules/minimist": {
			"version": "1.2.8",
			"resolved": "https://registry.npmjs.org/minimist/-/minimist-1.2.8.tgz",
			"integrity": "sha512-2yyAR8qBkN3YuheJanUpWC5U3bb5osDywNB8RzDVlDwDHbocAJveqqj1u8+SVD7jkWT4yvsHCpWqqWqAxb0zCA==",
			"license": "MIT",
			"funding": {
				"url": "https://github.com/sponsors/ljharb"
			}
		},
		"node_modules/parent-module": {
			"version": "1.0.1",
			"resolved": "https://registry.npmjs.org/parent-module/-/parent-module-1.0.1.tgz",
			"integrity": "sha512-GQ2EWRpQV8/o+Aw8YqtfZZPfNRWZYkbidE9k5rpl/hC3vtHHBfGm2Ifi6qWV+coDGkrUKZAxE3Lot5kcsRlh+g==",
			"license": "MIT",
			"dependencies": {
				"callsites": "^3.0.0"
			},
			"engines": {
				"node": ">=6"
			}
		},
		"node_modules/parse-json": {
			"version": "5.2.0",
			"resolved": "https://registry.npmjs.org/parse-json/-/parse-json-5.2.0.tgz",
			"integrity": "sha512-ayCKvm/phCGxOkYRSCM82iDwct8/EonSEgCSxWxD7ve6jHggsFl4fZVQBPRNgQoKiuV/odhFrGzQXZwbifC8Rg==",
			"license": "MIT",
			"dependencies": {
				"@babel/code-frame": "^7.0.0",
				"error-ex": "^1.3.1",
				"json-parse-even-better-errors": "^2.3.0",
				"lines-and-columns": "^1.1.6"
			},
			"engines": {
				"node": ">=8"
			},
			"funding": {
				"url": "https://github.com/sponsors/sindresorhus"
			}
		},
		"node_modules/picocolors": {
			"version": "1.1.1",
			"resolved": "https://registry.npmjs.org/picocolors/-/picocolors-1.1.1.tgz",
			"integrity": "sha512-xceH2snhtb5M9liqDsmEw56le376mTZkEX/jEb/RxNFyegNul7eNslCXP9FDj/Lcu0X8KEyMceP2ntpaHrDEVA==",
			"license": "ISC"
		},
		"node_modules/require-directory": {
			"version": "2.1.1",
			"resolved": "https://registry.npmjs.org/require-directory/-/require-directory-2.1.1.tgz",
			"integrity": "sha1-jGStX9MNqxyXbiNE/+f3kqam30I=",
			"engines": {
				"node": ">=0.10.0"
			}
		},
		"node_modules/require-from-string": {
			"version": "2.0.2",
			"resolved": "https://registry.npmjs.org/require-from-string/-/require-from-string-2.0.2.tgz",
			"integrity": "sha512-Xf0nWe6RseziFMu+Ap9biiUbmplq6S9/p+7w7YXP/JBHhrUDDUhwa+vANyubuqfZWTveU//DYVGsDG7RKL/vEw==",
			"license": "MIT",
			"engines": {
				"node": ">=0.10.0"
			}
		},
		"node_modules/resolve-from": {
			"version": "5.0.0",
			"resolved": "https://registry.npmjs.org/resolve-from/-/resolve-from-5.0.0.tgz",
			"integrity": "sha512-qYg9KP24dD5qka9J47d0aVky0N+b4fTU89LN9iDnjB5waksiC49rvMB0PrUJQGoTmH50XPiqOvAjDfaijGxYZw==",
			"license": "MIT",
			"engines": {
				"node": ">=8"
			}
		},
		"node_modules/semver": {
			"version": "7.7.4",
			"resolved": "https://registry.npmjs.org/semver/-/semver-7.7.4.tgz",
			"integrity": "sha512-vFKC2IEtQnVhpT78h1Yp8wzwrf8CM+MzKMHGJZfBtzhZNycRFnXsHk6E5TxIkkMsgNS7mdX3AGB7x2QM2di4lA==",
			"license": "ISC",
			"bin": {
				"semver": "bin/semver.js"
			},
			"engines": {
				"node": ">=10"
			}
		},
		"node_modules/split2": {
			"version": "4.2.0",
			"resolved": "https://registry.npmjs.org/split2/-/split2-4.2.0.tgz",
			"integrity": "sha512-UcjcJOWknrNkF6PLX83qcHM6KHgVKNkV62Y8a5uYDVv9ydGQVwAHMKqHdJje1VTWpljG0WYpCDhrCdAOYH4TWg==",
			"license": "ISC",
			"engines": {
				"node": ">= 10.x"
			}
		},
		"node_modules/string-width": {
			"version": "4.2.3",
			"resolved": "https://registry.npmjs.org/string-width/-/string-width-4.2.3.tgz",
			"integrity": "sha512-wKyQRQpjJ0sIp62ErSZdGsjMJWsap5oRNihHhu6G7JVO/9jIB6UyevL+tXuOqrng8j/cxKTWyWUwvSTriiZz/g==",
			"dependencies": {
				"emoji-regex": "^8.0.0",
				"is-fullwidth-code-point": "^3.0.0",
				"strip-ansi": "^6.0.1"
			},
			"engines": {
				"node": ">=8"
			}
		},
		"node_modules/strip-ansi": {
			"version": "6.0.1",
			"resolved": "https://registry.npmjs.org/strip-ansi/-/strip-ansi-6.0.1.tgz",
			"integrity": "sha512-Y38VPSHcqkFrCpFnQ9vuSXmquuv5oXOKpGeT6aGrr3o3Gc9AlVa6JBfUSOCnbxGGZF+/0ooI7KrPuUSztUdU5A==",
			"dependencies": {
				"ansi-regex": "^5.0.1"
			},
			"engines": {
				"node": ">=8"
			}
		},
		"node_modules/tinyexec": {
			"version": "1.0.2",
			"resolved": "https://registry.npmjs.org/tinyexec/-/tinyexec-1.0.2.tgz",
			"integrity": "sha512-W/KYk+NFhkmsYpuHq5JykngiOCnxeVL8v8dFnqxSD8qEEdRfXk1SDM6JzNqcERbcGYj9tMrDQBYV9cjgnunFIg==",
			"license": "MIT",
			"engines": {
				"node": ">=18"
			}
		},
		"node_modules/typescript": {
			"version": "5.9.3",
			"resolved": "https://registry.npmjs.org/typescript/-/typescript-5.9.3.tgz",
			"integrity": "sha512-jl1vZzPDinLr9eUt3J/t7V6FgNEw9QjvBPdysz9KfQDD41fQrC2Y4vKQdiaUpFT4bXlb1RHhLpp8wtm6M5TgSw==",
			"license": "Apache-2.0",
			"peer": true,
			"bin": {
				"tsc": "bin/tsc",
				"tsserver": "bin/tsserver"
			},
			"engines": {
				"node": ">=14.17"
			}
		},
		"node_modules/undici-types": {
			"version": "7.16.0",
			"resolved": "https://registry.npmjs.org/undici-types/-/undici-types-7.16.0.tgz",
			"integrity": "sha512-Zz+aZWSj8LE6zoxD+xrjh4VfkIG8Ya6LvYkZqtUQGJPZjYl53ypCaUwWqo7eI0x66KBGeRo+mlBEkMSeSZ38Nw==",
			"license": "MIT",
			"peer": true
		},
		"node_modules/wrap-ansi": {
			"version": "7.0.0",
			"resolved": "https://registry.npmjs.org/wrap-ansi/-/wrap-ansi-7.0.0.tgz",
			"integrity": "sha512-YVGIj2kamLSTxw6NsZjoBxfSwsn0ycdesmc4p+Q21c5zPuZ1pl+NfxVdxPtdHvmNVOQ6XSYG4AUtyt/Fi7D16Q==",
			"dependencies": {
				"ansi-styles": "^4.0.0",
				"string-width": "^4.1.0",
				"strip-ansi": "^6.0.0"
			},
			"engines": {
				"node": ">=10"
			},
			"funding": {
				"url": "https://github.com/chalk/wrap-ansi?sponsor=1"
			}
		},
		"node_modules/y18n": {
			"version": "5.0.8",
			"resolved": "https://registry.npmjs.org/y18n/-/y18n-5.0.8.tgz",
			"integrity": "sha512-0pfFzegeDWJHJIAmTLRP2DwHjdF5s7jo9tuztdQxAhINCdvS+3nGINqPd00AphqJR/0LhANUS6/+7SCb98YOfA==",
			"engines": {
				"node": ">=10"
			}
		},
		"node_modules/yargs": {
			"version": "17.4.1",
			"resolved": "https://registry.npmjs.org/yargs/-/yargs-17.4.1.tgz",
			"integrity": "sha512-WSZD9jgobAg3ZKuCQZSa3g9QOJeCCqLoLAykiWgmXnDo9EPnn4RPf5qVTtzgOx66o6/oqhcA5tHtJXpG8pMt3g==",
			"dependencies": {
				"cliui": "^7.0.2",
				"escalade": "^3.1.1",
				"get-caller-file": "^2.0.5",
				"require-directory": "^2.1.1",
				"string-width": "^4.2.3",
				"y18n": "^5.0.5",
				"yargs-parser": "^21.0.0"
			},
			"engines": {
				"node": ">=12"
			}
		},
		"node_modules/yargs/node_modules/yargs-parser": {
			"version": "21.0.1",
			"resolved": "https://registry.npmjs.org/yargs-parser/-/yargs-parser-21.0.1.tgz",
			"integrity": "sha512-9BK1jFpLzJROCI5TzwZL/TU4gqjK5xiHV/RfWLOahrjAko/e4DJkRDZQXfvqAsiZzzYhgAzbgz6lg48jcm4GLg==",
			"engines": {
				"node": ">=12"
			}
		}
	}
}
